<?xml version="1.0" encoding="utf-8"?>
<Project ToolsVersion="4.0" xmlns="http://schemas.microsoft.com/developer/msbuild/2003">
  <ItemGroup>
    <Filter Include="..">
      <UniqueIdentifier>{db8d6571-3fe0-46f4-9a8d-c5fdd9732e33}</UniqueIdentifier>
    </Filter>
    <Filter Include="..\..">
      <UniqueIdentifier>{a51e07f6-b4ca-428c-b0bd-70fc0c73acdc}</UniqueIdentifier>
    </Filter>
    <Filter Include="..\..\..">
      <UniqueIdentifier>{fecd811c-844d-42d3-bc9e-ed85784586f0}</UniqueIdentifier>
    </Filter>
    <Filter Include="..\..\..\testing">
      <UniqueIdentifier>{d689bad0-b574-4f01-b29a-0caf37ae7321}</UniqueIdentifier>
    </Filter>
    <Filter Include="..\..\..\testing\src">
      <UniqueIdentifier>{ae47b367-6ebb-4c83-bb41-573569073eab}</UniqueIdentifier>
    </Filter>
  </ItemGroup>
  <ItemGroup>
    <None Include="testing.gyp" />
  </ItemGroup>
  <ItemGroup>
    <ClCompile Include="..\..\..\testing\src\gmock-all.cc">
      <Filter>..\..\..\testing\src</Filter>
    </ClCompile>
    <ClCompile Include="..\..\..\testing\src\gmock_main.cc">
      <Filter>..\..\..\testing\src</Filter>
    </ClCompile>
  </ItemGroup>
</Project>