<?xml version="1.0" encoding="utf-8"?>
<Project ToolsVersion="4.0" xmlns="http://schemas.microsoft.com/developer/msbuild/2003">
  <ItemGroup>
    <Filter Include="..">
      <UniqueIdentifier>{e4e24b68-fa76-489a-9a68-46fa5b6a440f}</UniqueIdentifier>
    </Filter>
    <Filter Include="..\..">
      <UniqueIdentifier>{d02c040d-1d1c-4f66-91c6-4c32521d9dcf}</UniqueIdentifier>
    </Filter>
    <Filter Include="..\..\..">
      <UniqueIdentifier>{93b93e16-398d-4728-815a-82f0ba436016}</UniqueIdentifier>
    </Filter>
    <Filter Include="..\..\..\common">
      <UniqueIdentifier>{cef0b4ca-6726-4a5a-82c6-b9a439903b87}</UniqueIdentifier>
    </Filter>
    <Filter Include="..\..\..\processor">
      <UniqueIdentifier>{df90cfb7-0515-48fd-b686-dea3edf0e831}</UniqueIdentifier>
    </Filter>
  </ItemGroup>
  <ItemGroup>
    <None Include="client_tests.gyp" />
  </ItemGroup>
  <ItemGroup>
    <ClCompile Include="..\..\..\common\string_conversion.cc">
      <Filter>..\..\..\common</Filter>
    </ClCompile>
    <ClCompile Include="..\..\..\processor\basic_code_modules.cc">
      <Filter>..\..\..\processor</Filter>
    </ClCompile>
    <ClCompile Include="..\..\..\processor\dump_context.cc">
      <Filter>..\..\..\processor</Filter>
    </ClCompile>
    <ClCompile Include="..\..\..\processor\dump_object.cc">
      <Filter>..\..\..\processor</Filter>
    </ClCompile>
    <ClCompile Include="..\..\..\processor\logging.cc">
      <Filter>..\..\..\processor</Filter>
    </ClCompile>
    <ClCompile Include="..\..\..\processor\minidump.cc">
      <Filter>..\..\..\processor</Filter>
    </ClCompile>
    <ClCompile Include="..\..\..\processor\pathname_stripper.cc">
      <Filter>..\..\..\processor</Filter>
    </ClCompile>
    <ClCompile Include="..\..\..\processor\proc_maps_linux.cc">
      <Filter>..\..\..\processor</Filter>
    </ClCompile>
  </ItemGroup>
</Project>